
Microsoft Visual Studio Solution File, Format Version 12.00
# Visual Studio Version 17
VisualStudioVersion = 17.4.33213.308
MinimumVisualStudioVersion = 10.0.40219.1
Project("{FAE04EC0-301F-11D3-BF4B-00C04F79EFBC}") = "sudoku3", "sudoku3\sudoku3.csproj", "{5640104E-1A52-41AD-989C-331B82500DC4}"
EndProject
Global
	GlobalSection(SolutionConfigurationPlatforms) = preSolution
		Debug|Any CPU = Debug|Any CPU
		Release|Any CPU = Release|Any CPU
	EndGlobalSection
	GlobalSection(ProjectConfigurationPlatforms) = postSolution
		{5640104E-1A52-41AD-989C-331B82500DC4}.Debug|Any CPU.ActiveCfg = Debug|Any CPU
		{5640104E-1A52-41AD-989C-331B82500DC4}.Debug|Any CPU.Build.0 = Debug|Any CPU
		{5640104E-1A52-41AD-989C-331B82500DC4}.Release|Any CPU.ActiveCfg = Release|Any CPU
		{5640104E-1A52-41AD-989C-331B82500DC4}.Release|Any CPU.Build.0 = Release|Any CPU
	EndGlobalSection
	GlobalSection(SolutionProperties) = preSolution
		HideSolutionNode = FALSE
	EndGlobalSection
	GlobalSection(ExtensibilityGlobals) = postSolution
		SolutionGuid = {A26041AB-8A7C-4045-A48B-4CE8B9FC8E2B}
	EndGlobalSection
EndGlobal
